# THIS IS AN AUTOGENERATED FILE. DO NOT EDIT THIS FILE DIRECTLY.
# yarn lockfile v1


"@base2/pretty-print-object@1.0.1":
  version "1.0.1"
  resolved "https://registry.yarnpkg.com/@base2/pretty-print-object/-/pretty-print-object-1.0.1.tgz#371ba8be66d556812dc7fb169ebc3c08378f69d4"
  integrity sha512-4iri8i1AqYHJE2DstZYkyEprg6Pq6sKx3xn5FpySk9sNhH7qN2LLlHJCfDTZRILNwQNPD7mATWM0TBui7uC1pA==

is-plain-object@5.0.0:
  version "5.0.0"
  resolved "https://registry.yarnpkg.com/is-plain-object/-/is-plain-object-5.0.0.tgz#4427f50ab3429e9025ea7d52e9043a9ef4159344"
  integrity sha512-VRSzKkbMm5jMDoKLbltAkFQ5Qr7VDiTFGXxYFXXowVj387GeGNOCsOH6Msy00SGZ3Fp84b1Naa1psqgcCIEP5Q==

"js-tokens@^3.0.0 || ^4.0.0":
  version "4.0.0"
  resolved "https://registry.yarnpkg.com/js-tokens/-/js-tokens-4.0.0.tgz#19203fb59991df98e3a287050d4647cdeaf32499"
  integrity sha512-RdJUflcE3cUzKiMqQgsCu06FPu9UdIJO0beYbPhHN4k6apgJtifcoCtT9bcxOpYBtpD2kCM6Sbzg4CausW/PKQ==

loose-envify@^1.1.0:
  version "1.4.0"
  resolved "https://registry.yarnpkg.com/loose-envify/-/loose-envify-1.4.0.tgz#71ee51fa7be4caec1a63839f7e682d8132d30caf"
  integrity sha512-lyuxPGr/Wfhrlem2CL/UcnUc1zcqKAImBDzukY7Y5F/yQiNdko6+fRLevlw1HgMySw7f611UIY408EtxRSoK3Q==
  dependencies:
    js-tokens "^3.0.0 || ^4.0.0"

prism-react-renderer@^1.3.1:
  version "1.3.1"
  resolved "https://registry.yarnpkg.com/prism-react-renderer/-/prism-react-renderer-1.3.1.tgz#88fc9d0df6bed06ca2b9097421349f8c2f24e30d"
  integrity sha512-xUeDMEz074d0zc5y6rxiMp/dlC7C+5IDDlaEUlcBOFE2wddz7hz5PNupb087mPwTt7T9BrFmewObfCBuf/LKwQ==

react-dom@^18.0.0:
  version "18.0.0"
  resolved "https://registry.yarnpkg.com/react-dom/-/react-dom-18.0.0.tgz#26b88534f8f1dbb80853e1eabe752f24100d8023"
  integrity sha512-XqX7uzmFo0pUceWFCt7Gff6IyIMzFUn7QMZrbrQfGxtaxXZIcGQzoNpRLE3fQLnS4XzLLPMZX2T9TRcSrasicw==
  dependencies:
    loose-envify "^1.1.0"
    scheduler "^0.21.0"

react-element-to-jsx-string@^14.3.4:
  version "14.3.4"
  resolved "https://registry.yarnpkg.com/react-element-to-jsx-string/-/react-element-to-jsx-string-14.3.4.tgz#709125bc72f06800b68f9f4db485f2c7d31218a8"
  integrity sha512-t4ZwvV6vwNxzujDQ+37bspnLwA4JlgUPWhLjBJWsNIDceAf6ZKUTCjdm08cN6WeZ5pTMKiCJkmAYnpmR4Bm+dg==
  dependencies:
    "@base2/pretty-print-object" "1.0.1"
    is-plain-object "5.0.0"
    react-is "17.0.2"

react-is@17.0.2:
  version "17.0.2"
  resolved "https://registry.yarnpkg.com/react-is/-/react-is-17.0.2.tgz#e691d4a8e9c789365655539ab372762b0efb54f0"
  integrity sha512-w2GsyukL62IJnlaff/nRegPQR94C/XXamvMWmSHRJ4y7Ts/4ocGRmTHvOs8PSE6pB3dWOrD/nueuU5sduBsQ4w==

react@^18.0.0:
  version "18.0.0"
  resolved "https://registry.yarnpkg.com/react/-/react-18.0.0.tgz#b468736d1f4a5891f38585ba8e8fb29f91c3cb96"
  integrity sha512-x+VL6wbT4JRVPm7EGxXhZ8w8LTROaxPXOqhlGyVSrv0sB1jkyFGgXxJ8LVoPRLvPR6/CIZGFmfzqUa2NYeMr2A==
  dependencies:
    loose-envify "^1.1.0"

scheduler@^0.21.0:
  version "0.21.0"
  resolved "https://registry.yarnpkg.com/scheduler/-/scheduler-0.21.0.tgz#6fd2532ff5a6d877b6edb12f00d8ab7e8f308820"
  integrity sha512-1r87x5fz9MXqswA2ERLo0EbOAU74DpIUO090gIasYTqlVoJeMcl+Z1Rg7WHz+qtPujhS/hGIt9kxZOYBV3faRQ==
  dependencies:
    loose-envify "^1.1.0"
